
Microsoft Visual Studio Solution File, Format Version 12.00
# Visual Studio 15
VisualStudioVersion = 15.0.26730.12
MinimumVisualStudioVersion = 10.0.40219.1
Project("{FAE04EC0-301F-11D3-BF4B-00C04F79EFBC}") = "Factory Pattern", "Factory Pattern\Factory Pattern.csproj", "{66DD7587-37CA-4DF5-A80F-BDECD70A9F7A}"
EndProject
Global
	GlobalSection(SolutionConfigurationPlatforms) = preSolution
		Debug|Any CPU = Debug|Any CPU
		Release|Any CPU = Release|Any CPU
	EndGlobalSection
	GlobalSection(ProjectConfigurationPlatforms) = postSolution
		{66DD7587-37CA-4DF5-A80F-BDECD70A9F7A}.Debug|Any CPU.ActiveCfg = Debug|Any CPU
		{66DD7587-37CA-4DF5-A80F-BDECD70A9F7A}.Debug|Any CPU.Build.0 = Debug|Any CPU
		{66DD7587-37CA-4DF5-A80F-BDECD70A9F7A}.Release|Any CPU.ActiveCfg = Release|Any CPU
		{66DD7587-37CA-4DF5-A80F-BDECD70A9F7A}.Release|Any CPU.Build.0 = Release|Any CPU
	EndGlobalSection
	GlobalSection(SolutionProperties) = preSolution
		HideSolutionNode = FALSE
	EndGlobalSection
	GlobalSection(ExtensibilityGlobals) = postSolution
		SolutionGuid = {9A49DE2C-30FB-492F-97B8-56886EB4599B}
	EndGlobalSection
EndGlobal
